
Microsoft Visual Studio Solution File, Format Version 12.00
# Visual Studio Version 16
VisualStudioVersion = 16.0.30204.135
MinimumVisualStudioVersion = 10.0.40219.1
Project("{FAE04EC0-301F-11D3-BF4B-00C04F79EFBC}") = "IdMsoAutocomplete.2013", "IdMsoAutocomplete\IdMsoAutocomplete.2013.csproj", "{35CBAE7E-C672-4D97-A07D-CFAD5FEE5187}"
EndProject
Project("{FAE04EC0-301F-11D3-BF4B-00C04F79EFBC}") = "IdMsoAutocomplete.2015", "IdMsoAutocomplete\IdMsoAutocomplete.2015.csproj", "{029C7CD3-F828-4E04-B5E7-97C9C8F56ED8}"
EndProject
Project("{FAE04EC0-301F-11D3-BF4B-00C04F79EFBC}") = "IdMsoAutocomplete.2017", "IdMsoAutocomplete\IdMsoAutocomplete.2017.csproj", "{19448027-3EA0-4C27-9CC8-1FDCA46C343A}"
EndProject
Project("{FAE04EC0-301F-11D3-BF4B-00C04F79EFBC}") = "IdMsoAutocomplete.2019", "IdMsoAutocomplete\IdMsoAutocomplete.2019.csproj", "{4272136B-FD38-4B55-9D9A-601137ED502C}"
EndProject
Project("{FAE04EC0-301F-11D3-BF4B-00C04F79EFBC}") = "IdMsoAutocomplete.2022", "IdMsoAutocomplete\IdMsoAutocomplete.2022.csproj", "{616E91E8-1206-4C3D-AB86-BE9AF098E4C5}"
EndProject
Global
	GlobalSection(SolutionConfigurationPlatforms) = preSolution
		Debug|Any CPU = Debug|Any CPU
		Release|Any CPU = Release|Any CPU
	EndGlobalSection
	GlobalSection(ProjectConfigurationPlatforms) = postSolution
		{35CBAE7E-C672-4D97-A07D-CFAD5FEE5187}.Debug|Any CPU.ActiveCfg = Debug|Any CPU
		{35CBAE7E-C672-4D97-A07D-CFAD5FEE5187}.Debug|Any CPU.Build.0 = Debug|Any CPU
		{35CBAE7E-C672-4D97-A07D-CFAD5FEE5187}.Release|Any CPU.ActiveCfg = Release|Any CPU
		{35CBAE7E-C672-4D97-A07D-CFAD5FEE5187}.Release|Any CPU.Build.0 = Release|Any CPU
		{029C7CD3-F828-4E04-B5E7-97C9C8F56ED8}.Debug|Any CPU.ActiveCfg = Debug|Any CPU
		{029C7CD3-F828-4E04-B5E7-97C9C8F56ED8}.Debug|Any CPU.Build.0 = Debug|Any CPU
		{029C7CD3-F828-4E04-B5E7-97C9C8F56ED8}.Release|Any CPU.ActiveCfg = Release|Any CPU
		{029C7CD3-F828-4E04-B5E7-97C9C8F56ED8}.Release|Any CPU.Build.0 = Release|Any CPU
		{19448027-3EA0-4C27-9CC8-1FDCA46C343A}.Debug|Any CPU.ActiveCfg = Debug|Any CPU
		{19448027-3EA0-4C27-9CC8-1FDCA46C343A}.Debug|Any CPU.Build.0 = Debug|Any CPU
		{19448027-3EA0-4C27-9CC8-1FDCA46C343A}.Release|Any CPU.ActiveCfg = Release|Any CPU
		{19448027-3EA0-4C27-9CC8-1FDCA46C343A}.Release|Any CPU.Build.0 = Release|Any CPU
		{4272136B-FD38-4B55-9D9A-601137ED502C}.Debug|Any CPU.ActiveCfg = Debug|Any CPU
		{4272136B-FD38-4B55-9D9A-601137ED502C}.Debug|Any CPU.Build.0 = Debug|Any CPU
		{4272136B-FD38-4B55-9D9A-601137ED502C}.Release|Any CPU.ActiveCfg = Release|Any CPU
		{4272136B-FD38-4B55-9D9A-601137ED502C}.Release|Any CPU.Build.0 = Release|Any CPU
		{616E91E8-1206-4C3D-AB86-BE9AF098E4C5}.Debug|Any CPU.ActiveCfg = Debug|Any CPU
		{616E91E8-1206-4C3D-AB86-BE9AF098E4C5}.Debug|Any CPU.Build.0 = Debug|Any CPU
		{616E91E8-1206-4C3D-AB86-BE9AF098E4C5}.Release|Any CPU.ActiveCfg = Release|Any CPU
		{616E91E8-1206-4C3D-AB86-BE9AF098E4C5}.Release|Any CPU.Build.0 = Release|Any CPU
	EndGlobalSection
	GlobalSection(SolutionProperties) = preSolution
		HideSolutionNode = FALSE
	EndGlobalSection
	GlobalSection(ExtensibilityGlobals) = postSolution
		SolutionGuid = {5704780C-D123-403F-B9E0-0F8994008ABA}
	EndGlobalSection
EndGlobal
